
Microsoft Visual Studio Solution File, Format Version 12.00
# Visual Studio 15
VisualStudioVersion = 15.0.27428.2037
MinimumVisualStudioVersion = 10.0.40219.1
Project("{00D1A9C2-B5F0-4AF3-8072-F6C62B433612}") = "Database", "Database\Database.sqlproj", "{C0D94A47-7DC9-4141-84F1-E5CDAE4F457A}"
EndProject
Global
	GlobalSection(SolutionConfigurationPlatforms) = preSolution
		Debug|Any CPU = Debug|Any CPU
		Release|Any CPU = Release|Any CPU
	EndGlobalSection
	GlobalSection(ProjectConfigurationPlatforms) = postSolution
		{C0D94A47-7DC9-4141-84F1-E5CDAE4F457A}.Debug|Any CPU.ActiveCfg = Debug|Any CPU
		{C0D94A47-7DC9-4141-84F1-E5CDAE4F457A}.Debug|Any CPU.Build.0 = Debug|Any CPU
		{C0D94A47-7DC9-4141-84F1-E5CDAE4F457A}.Debug|Any CPU.Deploy.0 = Debug|Any CPU
		{C0D94A47-7DC9-4141-84F1-E5CDAE4F457A}.Release|Any CPU.ActiveCfg = Release|Any CPU
		{C0D94A47-7DC9-4141-84F1-E5CDAE4F457A}.Release|Any CPU.Build.0 = Release|Any CPU
		{C0D94A47-7DC9-4141-84F1-E5CDAE4F457A}.Release|Any CPU.Deploy.0 = Release|Any CPU
	EndGlobalSection
	GlobalSection(SolutionProperties) = preSolution
		HideSolutionNode = FALSE
	EndGlobalSection
	GlobalSection(ExtensibilityGlobals) = postSolution
		SolutionGuid = {0B205A31-12AD-4B1C-A2A5-0D03904F3FAC}
	EndGlobalSection
EndGlobal
