
Microsoft Visual Studio Solution File, Format Version 12.00
# Visual Studio 15
VisualStudioVersion = 15.0.27428.2037
MinimumVisualStudioVersion = 10.0.40219.1
Project("{9A19103F-16F7-4668-BE54-9A1E7A4F7556}") = "NPSLCore", "NPSLCore\NPSLCore.csproj", "{C1DDE69E-F588-4C13-811F-8CBBDE2AB1D7}"
EndProject
Project("{9A19103F-16F7-4668-BE54-9A1E7A4F7556}") = "NPSL.Models", "NPSL.Models\NPSL.Models.csproj", "{CF24DB80-E28F-40EB-B30B-0135B52D4E30}"
EndProject
Project("{9A19103F-16F7-4668-BE54-9A1E7A4F7556}") = "NPSL.Repository", "NPSL.Repository\NPSL.Repository.csproj", "{53009392-18E6-46E7-B70C-3F0998C84FAF}"
EndProject
Project("{9A19103F-16F7-4668-BE54-9A1E7A4F7556}") = "NPSL.Extentions", "NPSL.Extentions\NPSL.Extentions.csproj", "{374E65A3-35DD-417B-9A4F-F11BD1D2B3CA}"
EndProject
Project("{FAE04EC0-301F-11D3-BF4B-00C04F79EFBC}") = "NPSL.Topography", "NPSL.Topography\NPSL.Topography.csproj", "{3DD90AFC-C043-44A6-A487-C64D42781C2D}"
EndProject
Global
	GlobalSection(SolutionConfigurationPlatforms) = preSolution
		Debug|Any CPU = Debug|Any CPU
		Debug|x64 = Debug|x64
		Release|Any CPU = Release|Any CPU
		Release|x64 = Release|x64
	EndGlobalSection
	GlobalSection(ProjectConfigurationPlatforms) = postSolution
		{C1DDE69E-F588-4C13-811F-8CBBDE2AB1D7}.Debug|Any CPU.ActiveCfg = Debug|Any CPU
		{C1DDE69E-F588-4C13-811F-8CBBDE2AB1D7}.Debug|Any CPU.Build.0 = Debug|Any CPU
		{C1DDE69E-F588-4C13-811F-8CBBDE2AB1D7}.Debug|x64.ActiveCfg = Debug|x64
		{C1DDE69E-F588-4C13-811F-8CBBDE2AB1D7}.Debug|x64.Build.0 = Debug|x64
		{C1DDE69E-F588-4C13-811F-8CBBDE2AB1D7}.Release|Any CPU.ActiveCfg = Release|Any CPU
		{C1DDE69E-F588-4C13-811F-8CBBDE2AB1D7}.Release|Any CPU.Build.0 = Release|Any CPU
		{C1DDE69E-F588-4C13-811F-8CBBDE2AB1D7}.Release|x64.ActiveCfg = Release|x64
		{C1DDE69E-F588-4C13-811F-8CBBDE2AB1D7}.Release|x64.Build.0 = Release|x64
		{CF24DB80-E28F-40EB-B30B-0135B52D4E30}.Debug|Any CPU.ActiveCfg = Debug|Any CPU
		{CF24DB80-E28F-40EB-B30B-0135B52D4E30}.Debug|Any CPU.Build.0 = Debug|Any CPU
		{CF24DB80-E28F-40EB-B30B-0135B52D4E30}.Debug|x64.ActiveCfg = Debug|x64
		{CF24DB80-E28F-40EB-B30B-0135B52D4E30}.Debug|x64.Build.0 = Debug|x64
		{CF24DB80-E28F-40EB-B30B-0135B52D4E30}.Release|Any CPU.ActiveCfg = Release|Any CPU
		{CF24DB80-E28F-40EB-B30B-0135B52D4E30}.Release|Any CPU.Build.0 = Release|Any CPU
		{CF24DB80-E28F-40EB-B30B-0135B52D4E30}.Release|x64.ActiveCfg = Release|x64
		{CF24DB80-E28F-40EB-B30B-0135B52D4E30}.Release|x64.Build.0 = Release|x64
		{53009392-18E6-46E7-B70C-3F0998C84FAF}.Debug|Any CPU.ActiveCfg = Debug|Any CPU
		{53009392-18E6-46E7-B70C-3F0998C84FAF}.Debug|Any CPU.Build.0 = Debug|Any CPU
		{53009392-18E6-46E7-B70C-3F0998C84FAF}.Debug|x64.ActiveCfg = Debug|x64
		{53009392-18E6-46E7-B70C-3F0998C84FAF}.Debug|x64.Build.0 = Debug|x64
		{53009392-18E6-46E7-B70C-3F0998C84FAF}.Release|Any CPU.ActiveCfg = Release|Any CPU
		{53009392-18E6-46E7-B70C-3F0998C84FAF}.Release|Any CPU.Build.0 = Release|Any CPU
		{53009392-18E6-46E7-B70C-3F0998C84FAF}.Release|x64.ActiveCfg = Release|x64
		{53009392-18E6-46E7-B70C-3F0998C84FAF}.Release|x64.Build.0 = Release|x64
		{374E65A3-35DD-417B-9A4F-F11BD1D2B3CA}.Debug|Any CPU.ActiveCfg = Debug|Any CPU
		{374E65A3-35DD-417B-9A4F-F11BD1D2B3CA}.Debug|Any CPU.Build.0 = Debug|Any CPU
		{374E65A3-35DD-417B-9A4F-F11BD1D2B3CA}.Debug|x64.ActiveCfg = Debug|Any CPU
		{374E65A3-35DD-417B-9A4F-F11BD1D2B3CA}.Debug|x64.Build.0 = Debug|Any CPU
		{374E65A3-35DD-417B-9A4F-F11BD1D2B3CA}.Release|Any CPU.ActiveCfg = Release|Any CPU
		{374E65A3-35DD-417B-9A4F-F11BD1D2B3CA}.Release|Any CPU.Build.0 = Release|Any CPU
		{374E65A3-35DD-417B-9A4F-F11BD1D2B3CA}.Release|x64.ActiveCfg = Release|Any CPU
		{374E65A3-35DD-417B-9A4F-F11BD1D2B3CA}.Release|x64.Build.0 = Release|Any CPU
		{3DD90AFC-C043-44A6-A487-C64D42781C2D}.Debug|Any CPU.ActiveCfg = Debug|Any CPU
		{3DD90AFC-C043-44A6-A487-C64D42781C2D}.Debug|Any CPU.Build.0 = Debug|Any CPU
		{3DD90AFC-C043-44A6-A487-C64D42781C2D}.Debug|x64.ActiveCfg = Debug|Any CPU
		{3DD90AFC-C043-44A6-A487-C64D42781C2D}.Debug|x64.Build.0 = Debug|Any CPU
		{3DD90AFC-C043-44A6-A487-C64D42781C2D}.Release|Any CPU.ActiveCfg = Release|Any CPU
		{3DD90AFC-C043-44A6-A487-C64D42781C2D}.Release|Any CPU.Build.0 = Release|Any CPU
		{3DD90AFC-C043-44A6-A487-C64D42781C2D}.Release|x64.ActiveCfg = Release|Any CPU
		{3DD90AFC-C043-44A6-A487-C64D42781C2D}.Release|x64.Build.0 = Release|Any CPU
	EndGlobalSection
	GlobalSection(SolutionProperties) = preSolution
		HideSolutionNode = FALSE
	EndGlobalSection
	GlobalSection(ExtensibilityGlobals) = postSolution
		SolutionGuid = {FAEB00DC-33B1-472C-8CCF-A573353B8265}
	EndGlobalSection
EndGlobal
